// !$*UTF8*$!
{
	archiveVersion = 1;
	classes = {
	};
	objectVersion = 77;
	objects = {

/* Begin PBXBuildFile section */
		90923F952ED1CE3D00BE8A55 /* Supabase in Frameworks */ = {isa = PBXBuildFile; productRef = 90923F942ED1CE3D00BE8A55 /* Supabase */; };
		90D2AFEC2F657EC900582247 /* QueueITClip.app in Embed App Clips */ = {isa = PBXBuildFile; fileRef = 90D2AFC82F657EC700582247 /* QueueITClip.app */; settings = {ATTRIBUTES = (RemoveHeadersOnCopy, ); }; };
		90D2AFF82F657EC900582247 /* Supabase in Frameworks */ = {isa = PBXBuildFile; productRef = 90923F942ED1CE3D00BE8A55 /* Supabase */; };
		90D2B98B2F670ECC00582247 /* Config-Debug.xcconfig in Resources */ = {isa = PBXBuildFile; fileRef = 90D2B98A2F670ECC00582247 /* Config-Debug.xcconfig */; };
		90D2B98C2F670ECC00582247 /* Config-Debug.xcconfig in Resources */ = {isa = PBXBuildFile; fileRef = 90D2B98A2F670ECC00582247 /* Config-Debug.xcconfig */; };
		90D2B98E2F670ED800582247 /* Config-Release.xcconfig in Resources */ = {isa = PBXBuildFile; fileRef = 90D2B98D2F670ED800582247 /* Config-Release.xcconfig */; };
		90D2B98F2F670ED800582247 /* Config-Release.xcconfig in Resources */ = {isa = PBXBuildFile; fileRef = 90D2B98D2F670ED800582247 /* Config-Release.xcconfig */; };
/* End PBXBuildFile section */

/* Begin PBXContainerItemProxy section */
		90CBEDBA2E9BD7E000CCCC72 /* PBXContainerItemProxy */ = {
			isa = PBXContainerItemProxy;
			containerPortal = 90CBEDA22E9BD7DE00CCCC72 /* Project object */;
			proxyType = 1;
			remoteGlobalIDString = 90CBEDA92E9BD7DE00CCCC72;
			remoteInfo = QueueIT;
		};
		90CBEDC42E9BD7E000CCCC72 /* PBXContainerItemProxy */ = {
			isa = PBXContainerItemProxy;
			containerPortal = 90CBEDA22E9BD7DE00CCCC72 /* Project object */;
			proxyType = 1;
			remoteGlobalIDString = 90CBEDA92E9BD7DE00CCCC72;
			remoteInfo = QueueIT;
		};
		90D2AFD92F657EC900582247 /* PBXContainerItemProxy */ = {
			isa = PBXContainerItemProxy;
			containerPortal = 90CBEDA22E9BD7DE00CCCC72 /* Project object */;
			proxyType = 1;
			remoteGlobalIDString = 90D2AFC72F657EC700582247;
			remoteInfo = QueueITClip;
		};
		90D2AFE32F657EC900582247 /* PBXContainerItemProxy */ = {
			isa = PBXContainerItemProxy;
			containerPortal = 90CBEDA22E9BD7DE00CCCC72 /* Project object */;
			proxyType = 1;
			remoteGlobalIDString = 90D2AFC72F657EC700582247;
			remoteInfo = QueueITClip;
		};
		90D2AFEA2F657EC900582247 /* PBXContainerItemProxy */ = {
			isa = PBXContainerItemProxy;
			containerPortal = 90CBEDA22E9BD7DE00CCCC72 /* Project object */;
			proxyType = 1;
			remoteGlobalIDString = 90D2AFC72F657EC700582247;
			remoteInfo = QueueITClip;
		};
/* End PBXContainerItemProxy section */

/* Begin PBXCopyFilesBuildPhase section */
		90D2AFF12F657EC900582247 /* Embed App Clips */ = {
			isa = PBXCopyFilesBuildPhase;
			buildActionMask = 2147483647;
			dstPath = "$(CONTENTS_FOLDER_PATH)/AppClips";
			dstSubfolderSpec = 16;
			files = (
				90D2AFEC2F657EC900582247 /* QueueITClip.app in Embed App Clips */,
			);
			name = "Embed App Clips";
			runOnlyForDeploymentPostprocessing = 0;
		};
/* End PBXCopyFilesBuildPhase section */

/* Begin PBXFileReference section */
		90CBEDAA2E9BD7DE00CCCC72 /* QueueIT.app */ = {isa = PBXFileReference; explicitFileType = wrapper.application; includeInIndex = 0; path = QueueIT.app; sourceTree = BUILT_PRODUCTS_DIR; };
		90CBEDB92E9BD7E000CCCC72 /* QueueITTests.xctest */ = {isa = PBXFileReference; explicitFileType = wrapper.cfbundle; includeInIndex = 0; path = QueueITTests.xctest; sourceTree = BUILT_PRODUCTS_DIR; };
		90CBEDC32E9BD7E000CCCC72 /* QueueITUITests.xctest */ = {isa = PBXFileReference; explicitFileType = wrapper.cfbundle; includeInIndex = 0; path = QueueITUITests.xctest; sourceTree = BUILT_PRODUCTS_DIR; };
		90D2AFC82F657EC700582247 /* QueueITClip.app */ = {isa = PBXFileReference; explicitFileType = wrapper.application; includeInIndex = 0; path = QueueITClip.app; sourceTree = BUILT_PRODUCTS_DIR; };
		90D2AFD82F657EC900582247 /* QueueITClipTests.xctest */ = {isa = PBXFileReference; explicitFileType = wrapper.cfbundle; includeInIndex = 0; path = QueueITClipTests.xctest; sourceTree = BUILT_PRODUCTS_DIR; };
		90D2AFE22F657EC900582247 /* QueueITClipUITests.xctest */ = {isa = PBXFileReference; explicitFileType = wrapper.cfbundle; includeInIndex = 0; path = QueueITClipUITests.xctest; sourceTree = BUILT_PRODUCTS_DIR; };
		90D2B98A2F670ECC00582247 /* Config-Debug.xcconfig */ = {isa = PBXFileReference; lastKnownFileType = text.xcconfig; path = "Config-Debug.xcconfig"; sourceTree = "<group>"; };
		90D2B98D2F670ED800582247 /* Config-Release.xcconfig */ = {isa = PBXFileReference; lastKnownFileType = text.xcconfig; path = "Config-Release.xcconfig"; sourceTree = "<group>"; };
/* End PBXFileReference section */

/* Begin PBXFileSystemSynchronizedBuildFileExceptionSet section */
		90923F972ED1FC5E00BE8A55 /* Exceptions for "QueueIT" folder in "QueueIT" target */ = {
			isa = PBXFileSystemSynchronizedBuildFileExceptionSet;
			membershipExceptions = (
				Info.plist,
				Services/AppClipGuestName.swift,
			);
			target = 90CBEDA92E9BD7DE00CCCC72 /* QueueIT */;
		};
		90D2AFF02F657EC900582247 /* Exceptions for "QueueITClip" folder in "QueueITClip" target */ = {
			isa = PBXFileSystemSynchronizedBuildFileExceptionSet;
			membershipExceptions = (
				ContentView.swift,
				Info.plist,
				Item.swift,
			);
			target = 90D2AFC72F657EC700582247 /* QueueITClip */;
		};
		90D2AFF92F657EC900582247 /* Exceptions for "QueueIT" folder in "QueueITClip" target */ = {
			isa = PBXFileSystemSynchronizedBuildFileExceptionSet;
			membershipExceptions = (
				Assets.xcassets,
				Info.plist,
				Item.swift,
				QueueITApp.swift,
				Services/MusicManager.swift,
				Views/AuthView.swift,
				Views/CreateSessionView.swift,
				Views/HostControlsView.swift,
				Views/JoinSessionView.swift,
				Views/ProfileSetupView.swift,
				Views/RootView.swift,
				Views/SessionView.swift,
				Views/WelcomeView.swift,
			);
			target = 90D2AFC72F657EC700582247 /* QueueITClip */;
		};
/* End PBXFileSystemSynchronizedBuildFileExceptionSet section */

/* Begin PBXFileSystemSynchronizedRootGroup section */
		90CBEDAC2E9BD7DE00CCCC72 /* QueueIT */ = {
			isa = PBXFileSystemSynchronizedRootGroup;
			exceptions = (
				90923F972ED1FC5E00BE8A55 /* Exceptions for "QueueIT" folder in "QueueIT" target */,
				90D2AFF92F657EC900582247 /* Exceptions for "QueueIT" folder in "QueueITClip" target */,
			);
			path = QueueIT;
			sourceTree = "<group>";
		};
		90CBEDBC2E9BD7E000CCCC72 /* QueueITTests */ = {
			isa = PBXFileSystemSynchronizedRootGroup;
			path = QueueITTests;
			sourceTree = "<group>";
		};
		90CBEDC62E9BD7E000CCCC72 /* QueueITUITests */ = {
			isa = PBXFileSystemSynchronizedRootGroup;
			path = QueueITUITests;
			sourceTree = "<group>";
		};
		90D2AFC92F657EC700582247 /* QueueITClip */ = {
			isa = PBXFileSystemSynchronizedRootGroup;
			exceptions = (
				90D2AFF02F657EC900582247 /* Exceptions for "QueueITClip" folder in "QueueITClip" target */,
			);
			path = QueueITClip;
			sourceTree = "<group>";
		};
		90D2AFDB2F657EC900582247 /* QueueITClipTests */ = {
			isa = PBXFileSystemSynchronizedRootGroup;
			path = QueueITClipTests;
			sourceTree = "<group>";
		};
		90D2AFE52F657EC900582247 /* QueueITClipUITests */ = {
			isa = PBXFileSystemSynchronizedRootGroup;
			path = QueueITClipUITests;
			sourceTree = "<group>";
		};
/* End PBXFileSystemSynchronizedRootGroup section */

/* Begin PBXFrameworksBuildPhase section */
		90CBEDA72E9BD7DE00CCCC72 /* Frameworks */ = {
			isa = PBXFrameworksBuildPhase;
			buildActionMask = 2147483647;
			files = (
				90923F952ED1CE3D00BE8A55 /* Supabase in Frameworks */,
			);
			runOnlyForDeploymentPostprocessing = 0;
		};
		90CBEDB62E9BD7E000CCCC72 /* Frameworks */ = {
			isa = PBXFrameworksBuildPhase;
			buildActionMask = 2147483647;
			files = (
			);
			runOnlyForDeploymentPostprocessing = 0;
		};
		90CBEDC02E9BD7E000CCCC72 /* Frameworks */ = {
			isa = PBXFrameworksBuildPhase;
			buildActionMask = 2147483647;
			files = (
			);
			runOnlyForDeploymentPostprocessing = 0;
		};
		90D2AFC52F657EC700582247 /* Frameworks */ = {
			isa = PBXFrameworksBuildPhase;
			buildActionMask = 2147483647;
			files = (
				90D2AFF82F657EC900582247 /* Supabase in Frameworks */,
			);
			runOnlyForDeploymentPostprocessing = 0;
		};
		90D2AFD52F657EC900582247 /* Frameworks */ = {
			isa = PBXFrameworksBuildPhase;
			buildActionMask = 2147483647;
			files = (
			);
			runOnlyForDeploymentPostprocessing = 0;
		};
		90D2AFDF2F657EC900582247 /* Frameworks */ = {
			isa = PBXFrameworksBuildPhase;
			buildActionMask = 2147483647;
			files = (
			);
			runOnlyForDeploymentPostprocessing = 0;
		};
/* End PBXFrameworksBuildPhase section */

/* Begin PBXGroup section */
		90CBEDA12E9BD7DE00CCCC72 = {
			isa = PBXGroup;
			children = (
				90CBEDAC2E9BD7DE00CCCC72 /* QueueIT */,
				90CBEDBC2E9BD7E000CCCC72 /* QueueITTests */,
				90CBEDC62E9BD7E000CCCC72 /* QueueITUITests */,
				90D2AFC92F657EC700582247 /* QueueITClip */,
				90D2AFDB2F657EC900582247 /* QueueITClipTests */,
				90D2AFE52F657EC900582247 /* QueueITClipUITests */,
				90CBEDAB2E9BD7DE00CCCC72 /* Products */,
				90D2B98A2F670ECC00582247 /* Config-Debug.xcconfig */,
				90D2B98D2F670ED800582247 /* Config-Release.xcconfig */,
			);
			sourceTree = "<group>";
		};
		90CBEDAB2E9BD7DE00CCCC72 /* Products */ = {
			isa = PBXGroup;
			children = (
				90CBEDAA2E9BD7DE00CCCC72 /* QueueIT.app */,
				90CBEDB92E9BD7E000CCCC72 /* QueueITTests.xctest */,
				90CBEDC32E9BD7E000CCCC72 /* QueueITUITests.xctest */,
				90D2AFC82F657EC700582247 /* QueueITClip.app */,
				90D2AFD82F657EC900582247 /* QueueITClipTests.xctest */,
				90D2AFE22F657EC900582247 /* QueueITClipUITests.xctest */,
			);
			name = Products;
			sourceTree = "<group>";
		};
/* End PBXGroup section */

/* Begin PBXNativeTarget section */
		90CBEDA92E9BD7DE00CCCC72 /* QueueIT */ = {
			isa = PBXNativeTarget;
			buildConfigurationList = 90CBEDCD2E9BD7E000CCCC72 /* Build configuration list for PBXNativeTarget "QueueIT" */;
			buildPhases = (
				90CBEDA62E9BD7DE00CCCC72 /* Sources */,
				90CBEDA72E9BD7DE00CCCC72 /* Frameworks */,
				90CBEDA82E9BD7DE00CCCC72 /* Resources */,
				90D2AFF12F657EC900582247 /* Embed App Clips */,
			);
			buildRules = (
			);
			dependencies = (
				90D2AFEB2F657EC900582247 /* PBXTargetDependency */,
			);
			fileSystemSynchronizedGroups = (
				90CBEDAC2E9BD7DE00CCCC72 /* QueueIT */,
			);
			name = QueueIT;
			packageProductDependencies = (
				90923F942ED1CE3D00BE8A55 /* Supabase */,
			);
			productName = QueueIT;
			productReference = 90CBEDAA2E9BD7DE00CCCC72 /* QueueIT.app */;
			productType = "com.apple.product-type.application";
		};
		90CBEDB82E9BD7E000CCCC72 /* QueueITTests */ = {
			isa = PBXNativeTarget;
			buildConfigurationList = 90CBEDD02E9BD7E000CCCC72 /* Build configuration list for PBXNativeTarget "QueueITTests" */;
			buildPhases = (
				90CBEDB52E9BD7E000CCCC72 /* Sources */,
				90CBEDB62E9BD7E000CCCC72 /* Frameworks */,
				90CBEDB72E9BD7E000CCCC72 /* Resources */,
			);
			buildRules = (
			);
			dependencies = (
				90CBEDBB2E9BD7E000CCCC72 /* PBXTargetDependency */,
			);
			fileSystemSynchronizedGroups = (
				90CBEDBC2E9BD7E000CCCC72 /* QueueITTests */,
			);
			name = QueueITTests;
			packageProductDependencies = (
			);
			productName = QueueITTests;
			productReference = 90CBEDB92E9BD7E000CCCC72 /* QueueITTests.xctest */;
			productType = "com.apple.product-type.bundle.unit-test";
		};
		90CBEDC22E9BD7E000CCCC72 /* QueueITUITests */ = {
			isa = PBXNativeTarget;
			buildConfigurationList = 90CBEDD32E9BD7E000CCCC72 /* Build configuration list for PBXNativeTarget "QueueITUITests" */;
			buildPhases = (
				90CBEDBF2E9BD7E000CCCC72 /* Sources */,
				90CBEDC02E9BD7E000CCCC72 /* Frameworks */,
				90CBEDC12E9BD7E000CCCC72 /* Resources */,
			);
			buildRules = (
			);
			dependencies = (
				90CBEDC52E9BD7E000CCCC72 /* PBXTargetDependency */,
			);
			fileSystemSynchronizedGroups = (
				90CBEDC62E9BD7E000CCCC72 /* QueueITUITests */,
			);
			name = QueueITUITests;
			packageProductDependencies = (
			);
			productName = QueueITUITests;
			productReference = 90CBEDC32E9BD7E000CCCC72 /* QueueITUITests.xctest */;
			productType = "com.apple.product-type.bundle.ui-testing";
		};
		90D2AFC72F657EC700582247 /* QueueITClip */ = {
			isa = PBXNativeTarget;
			buildConfigurationList = 90D2AFED2F657EC900582247 /* Build configuration list for PBXNativeTarget "QueueITClip" */;
			buildPhases = (
				90D2AFC42F657EC700582247 /* Sources */,
				90D2AFC52F657EC700582247 /* Frameworks */,
				90D2AFC62F657EC700582247 /* Resources */,
			);
			buildRules = (
			);
			dependencies = (
			);
			fileSystemSynchronizedGroups = (
				90CBEDAC2E9BD7DE00CCCC72 /* QueueIT */,
				90D2AFC92F657EC700582247 /* QueueITClip */,
			);
			name = QueueITClip;
			packageProductDependencies = (
				90923F942ED1CE3D00BE8A55 /* Supabase */,
			);
			productName = QueueITClip;
			productReference = 90D2AFC82F657EC700582247 /* QueueITClip.app */;
			productType = "com.apple.product-type.application.on-demand-install-capable";
		};
		90D2AFD72F657EC900582247 /* QueueITClipTests */ = {
			isa = PBXNativeTarget;
			buildConfigurationList = 90D2AFF22F657EC900582247 /* Build configuration list for PBXNativeTarget "QueueITClipTests" */;
			buildPhases = (
				90D2AFD42F657EC900582247 /* Sources */,
				90D2AFD52F657EC900582247 /* Frameworks */,
				90D2AFD62F657EC900582247 /* Resources */,
			);
			buildRules = (
			);
			dependencies = (
				90D2AFDA2F657EC900582247 /* PBXTargetDependency */,
			);
			fileSystemSynchronizedGroups = (
				90D2AFDB2F657EC900582247 /* QueueITClipTests */,
			);
			name = QueueITClipTests;
			packageProductDependencies = (
			);
			productName = QueueITClipTests;
			productReference = 90D2AFD82F657EC900582247 /* QueueITClipTests.xctest */;
			productType = "com.apple.product-type.bundle.unit-test";
		};
		90D2AFE12F657EC900582247 /* QueueITClipUITests */ = {
			isa = PBXNativeTarget;
			buildConfigurationList = 90D2AFF52F657EC900582247 /* Build configuration list for PBXNativeTarget "QueueITClipUITests" */;
			buildPhases = (
				90D2AFDE2F657EC900582247 /* Sources */,
				90D2AFDF2F657EC900582247 /* Frameworks */,
				90D2AFE02F657EC900582247 /* Resources */,
			);
			buildRules = (
			);
			dependencies = (
				90D2AFE42F657EC900582247 /* PBXTargetDependency */,
			);
			fileSystemSynchronizedGroups = (
				90D2AFE52F657EC900582247 /* QueueITClipUITests */,
			);
			name = QueueITClipUITests;
			packageProductDependencies = (
			);
			productName = QueueITClipUITests;
			productReference = 90D2AFE22F657EC900582247 /* QueueITClipUITests.xctest */;
			productType = "com.apple.product-type.bundle.ui-testing";
		};
/* End PBXNativeTarget section */

/* Begin PBXProject section */
		90CBEDA22E9BD7DE00CCCC72 /* Project object */ = {
			isa = PBXProject;
			attributes = {
				BuildIndependentTargetsInParallel = 1;
				LastSwiftUpdateCheck = 2630;
				LastUpgradeCheck = 1640;
				TargetAttributes = {
					90CBEDA92E9BD7DE00CCCC72 = {
						CreatedOnToolsVersion = 16.4;
					};
					90CBEDB82E9BD7E000CCCC72 = {
						CreatedOnToolsVersion = 16.4;
						TestTargetID = 90CBEDA92E9BD7DE00CCCC72;
					};
					90CBEDC22E9BD7E000CCCC72 = {
						CreatedOnToolsVersion = 16.4;
						TestTargetID = 90CBEDA92E9BD7DE00CCCC72;
					};
					90D2AFC72F657EC700582247 = {
						CreatedOnToolsVersion = 26.3;
					};
					90D2AFD72F657EC900582247 = {
						CreatedOnToolsVersion = 26.3;
						TestTargetID = 90D2AFC72F657EC700582247;
					};
					90D2AFE12F657EC900582247 = {
						CreatedOnToolsVersion = 26.3;
						TestTargetID = 90D2AFC72F657EC700582247;
					};
				};
			};
			buildConfigurationList = 90CBEDA52E9BD7DE00CCCC72 /* Build configuration list for PBXProject "QueueIT" */;
			developmentRegion = en;
			hasScannedForEncodings = 0;
			knownRegions = (
				en,
				Base,
			);
			mainGroup = 90CBEDA12E9BD7DE00CCCC72;
			minimizedProjectReferenceProxies = 1;
			packageReferences = (
				90923F932ED1CE3C00BE8A55 /* XCRemoteSwiftPackageReference "supabase-swift" */,
			);
			preferredProjectObjectVersion = 77;
			productRefGroup = 90CBEDAB2E9BD7DE00CCCC72 /* Products */;
			projectDirPath = "";
			projectRoot = "";
			targets = (
				90CBEDA92E9BD7DE00CCCC72 /* QueueIT */,
				90CBEDB82E9BD7E000CCCC72 /* QueueITTests */,
				90CBEDC22E9BD7E000CCCC72 /* QueueITUITests */,
				90D2AFC72F657EC700582247 /* QueueITClip */,
				90D2AFD72F657EC900582247 /* QueueITClipTests */,
				90D2AFE12F657EC900582247 /* QueueITClipUITests */,
			);
		};
/* End PBXProject section */

/* Begin PBXResourcesBuildPhase section */
		90CBEDA82E9BD7DE00CCCC72 /* Resources */ = {
			isa = PBXResourcesBuildPhase;
			buildActionMask = 2147483647;
			files = (
				90D2B98E2F670ED800582247 /* Config-Release.xcconfig in Resources */,
				90D2B98C2F670ECC00582247 /* Config-Debug.xcconfig in Resources */,
			);
			runOnlyForDeploymentPostprocessing = 0;
		};
		90CBEDB72E9BD7E000CCCC72 /* Resources */ = {
			isa = PBXResourcesBuildPhase;
			buildActionMask = 2147483647;
			files = (
			);
			runOnlyForDeploymentPostprocessing = 0;
		};
		90CBEDC12E9BD7E000CCCC72 /* Resources */ = {
			isa = PBXResourcesBuildPhase;
			buildActionMask = 2147483647;
			files = (
			);
			runOnlyForDeploymentPostprocessing = 0;
		};
		90D2AFC62F657EC700582247 /* Resources */ = {
			isa = PBXResourcesBuildPhase;
			buildActionMask = 2147483647;
			files = (
				90D2B98F2F670ED800582247 /* Config-Release.xcconfig in Resources */,
				90D2B98B2F670ECC00582247 /* Config-Debug.xcconfig in Resources */,
			);
			runOnlyForDeploymentPostprocessing = 0;
		};
		90D2AFD62F657EC900582247 /* Resources */ = {
			isa = PBXResourcesBuildPhase;
			buildActionMask = 2147483647;
			files = (
			);
			runOnlyForDeploymentPostprocessing = 0;
		};
		90D2AFE02F657EC900582247 /* Resources */ = {
			isa = PBXResourcesBuildPhase;
			buildActionMask = 2147483647;
			files = (
			);
			runOnlyForDeploymentPostprocessing = 0;
		};
/* End PBXResourcesBuildPhase section */

/* Begin PBXSourcesBuildPhase section */
		90CBEDA62E9BD7DE00CCCC72 /* Sources */ = {
			isa = PBXSourcesBuildPhase;
			buildActionMask = 2147483647;
			files = (
			);
			runOnlyForDeploymentPostprocessing = 0;
		};
		90CBEDB52E9BD7E000CCCC72 /* Sources */ = {
			isa = PBXSourcesBuildPhase;
			buildActionMask = 2147483647;
			files = (
			);
			runOnlyForDeploymentPostprocessing = 0;
		};
		90CBEDBF2E9BD7E000CCCC72 /* Sources */ = {
			isa = PBXSourcesBuildPhase;
			buildActionMask = 2147483647;
			files = (
			);
			runOnlyForDeploymentPostprocessing = 0;
		};
		90D2AFC42F657EC700582247 /* Sources */ = {
			isa = PBXSourcesBuildPhase;
			buildActionMask = 2147483647;
			files = (
			);
			runOnlyForDeploymentPostprocessing = 0;
		};
		90D2AFD42F657EC900582247 /* Sources */ = {
			isa = PBXSourcesBuildPhase;
			buildActionMask = 2147483647;
			files = (
			);
			runOnlyForDeploymentPostprocessing = 0;
		};
		90D2AFDE2F657EC900582247 /* Sources */ = {
			isa = PBXSourcesBuildPhase;
			buildActionMask = 2147483647;
			files = (
			);
			runOnlyForDeploymentPostprocessing = 0;
		};
/* End PBXSourcesBuildPhase section */

/* Begin PBXTargetDependency section */
		90CBEDBB2E9BD7E000CCCC72 /* PBXTargetDependency */ = {
			isa = PBXTargetDependency;
			target = 90CBEDA92E9BD7DE00CCCC72 /* QueueIT */;
			targetProxy = 90CBEDBA2E9BD7E000CCCC72 /* PBXContainerItemProxy */;
		};
		90CBEDC52E9BD7E000CCCC72 /* PBXTargetDependency */ = {
			isa = PBXTargetDependency;
			target = 90CBEDA92E9BD7DE00CCCC72 /* QueueIT */;
			targetProxy = 90CBEDC42E9BD7E000CCCC72 /* PBXContainerItemProxy */;
		};
		90D2AFDA2F657EC900582247 /* PBXTargetDependency */ = {
			isa = PBXTargetDependency;
			target = 90D2AFC72F657EC700582247 /* QueueITClip */;
			targetProxy = 90D2AFD92F657EC900582247 /* PBXContainerItemProxy */;
		};
		90D2AFE42F657EC900582247 /* PBXTargetDependency */ = {
			isa = PBXTargetDependency;
			target = 90D2AFC72F657EC700582247 /* QueueITClip */;
			targetProxy = 90D2AFE32F657EC900582247 /* PBXContainerItemProxy */;
		};
		90D2AFEB2F657EC900582247 /* PBXTargetDependency */ = {
			isa = PBXTargetDependency;
			target = 90D2AFC72F657EC700582247 /* QueueITClip */;
			targetProxy = 90D2AFEA2F657EC900582247 /* PBXContainerItemProxy */;
		};
/* End PBXTargetDependency section */

/* Begin XCBuildConfiguration section */
		90CBEDCB2E9BD7E000CCCC72 /* Debug */ = {
			isa = XCBuildConfiguration;
			baseConfigurationReference = 90D2B98A2F670ECC00582247 /* Config-Debug.xcconfig */;
			buildSettings = {
				ALWAYS_SEARCH_USER_PATHS = NO;
				ASSETCATALOG_COMPILER_GENERATE_SWIFT_ASSET_SYMBOL_EXTENSIONS = YES;
				CLANG_ANALYZER_NONNULL = YES;
				CLANG_ANALYZER_NUMBER_OBJECT_CONVERSION = YES_AGGRESSIVE;
				CLANG_CXX_LANGUAGE_STANDARD = "gnu++20";
				CLANG_ENABLE_MODULES = YES;
				CLANG_ENABLE_OBJC_ARC = YES;
				CLANG_ENABLE_OBJC_WEAK = YES;
				CLANG_WARN_BLOCK_CAPTURE_AUTORELEASING = YES;
				CLANG_WARN_BOOL_CONVERSION = YES;
				CLANG_WARN_COMMA = YES;
				CLANG_WARN_CONSTANT_CONVERSION = YES;
				CLANG_WARN_DEPRECATED_OBJC_IMPLEMENTATIONS = YES;
				CLANG_WARN_DIRECT_OBJC_ISA_USAGE = YES_ERROR;
				CLANG_WARN_DOCUMENTATION_COMMENTS = YES;
				CLANG_WARN_EMPTY_BODY = YES;
				CLANG_WARN_ENUM_CONVERSION = YES;
				CLANG_WARN_INFINITE_RECURSION = YES;
				CLANG_WARN_INT_CONVERSION = YES;
				CLANG_WARN_NON_LITERAL_NULL_CONVERSION = YES;
				CLANG_WARN_OBJC_IMPLICIT_RETAIN_SELF = YES;
				CLANG_WARN_OBJC_LITERAL_CONVERSION = YES;
				CLANG_WARN_OBJC_ROOT_CLASS = YES_ERROR;
				CLANG_WARN_QUOTED_INCLUDE_IN_FRAMEWORK_HEADER = YES;
				CLANG_WARN_RANGE_LOOP_ANALYSIS = YES;
				CLANG_WARN_STRICT_PROTOTYPES = YES;
				CLANG_WARN_SUSPICIOUS_MOVE = YES;
				CLANG_WARN_UNGUARDED_AVAILABILITY = YES_AGGRESSIVE;
				CLANG_WARN_UNREACHABLE_CODE = YES;
				CLANG_WARN__DUPLICATE_METHOD_MATCH = YES;
				COPY_PHASE_STRIP = NO;
				DEBUG_INFORMATION_FORMAT = dwarf;
				DEVELOPMENT_TEAM = V8S6S975CD;
				ENABLE_STRICT_OBJC_MSGSEND = YES;
				ENABLE_TESTABILITY = YES;
				ENABLE_USER_SCRIPT_SANDBOXING = YES;
				GCC_C_LANGUAGE_STANDARD = gnu17;
				GCC_DYNAMIC_NO_PIC = NO;
				GCC_NO_COMMON_BLOCKS = YES;
				GCC_OPTIMIZATION_LEVEL = 0;
				GCC_PREPROCESSOR_DEFINITIONS = (
					"DEBUG=1",
					"$(inherited)",
				);
				GCC_WARN_64_TO_32_BIT_CONVERSION = YES;
				GCC_WARN_ABOUT_RETURN_TYPE = YES_ERROR;
				GCC_WARN_UNDECLARED_SELECTOR = YES;
				GCC_WARN_UNINITIALIZED_AUTOS = YES_AGGRESSIVE;
				GCC_WARN_UNUSED_FUNCTION = YES;
				GCC_WARN_UNUSED_VARIABLE = YES;
				IPHONEOS_DEPLOYMENT_TARGET = 18.5;
				LOCALIZATION_PREFERS_STRING_CATALOGS = YES;
				MTL_ENABLE_DEBUG_INFO = INCLUDE_SOURCE;
				MTL_FAST_MATH = YES;
				ONLY_ACTIVE_ARCH = YES;
				SDKROOT = iphoneos;
				SWIFT_ACTIVE_COMPILATION_CONDITIONS = "DEBUG $(inherited)";
				SWIFT_OPTIMIZATION_LEVEL = "-Onone";
			};
			name = Debug;
		};
		90CBEDCC2E9BD7E000CCCC72 /* Release */ = {
			isa = XCBuildConfiguration;
			baseConfigurationReference = 90D2B98D2F670ED800582247 /* Config-Release.xcconfig */;
			buildSettings = {
				ALWAYS_SEARCH_USER_PATHS = NO;
				ASSETCATALOG_COMPILER_GENERATE_SWIFT_ASSET_SYMBOL_EXTENSIONS = YES;
				CLANG_ANALYZER_NONNULL = YES;
				CLANG_ANALYZER_NUMBER_OBJECT_CONVERSION = YES_AGGRESSIVE;
				CLANG_CXX_LANGUAGE_STANDARD = "gnu++20";
				CLANG_ENABLE_MODULES = YES;
				CLANG_ENABLE_OBJC_ARC = YES;
				CLANG_ENABLE_OBJC_WEAK = YES;
				CLANG_WARN_BLOCK_CAPTURE_AUTORELEASING = YES;
				CLANG_WARN_BOOL_CONVERSION = YES;
				CLANG_WARN_COMMA = YES;
				CLANG_WARN_CONSTANT_CONVERSION = YES;
				CLANG_WARN_DEPRECATED_OBJC_IMPLEMENTATIONS = YES;
				CLANG_WARN_DIRECT_OBJC_ISA_USAGE = YES_ERROR;
				CLANG_WARN_DOCUMENTATION_COMMENTS = YES;
				CLANG_WARN_EMPTY_BODY = YES;
				CLANG_WARN_ENUM_CONVERSION = YES;
				CLANG_WARN_INFINITE_RECURSION = YES;
				CLANG_WARN_INT_CONVERSION = YES;
				CLANG_WARN_NON_LITERAL_NULL_CONVERSION = YES;
				CLANG_WARN_OBJC_IMPLICIT_RETAIN_SELF = YES;
				CLANG_WARN_OBJC_LITERAL_CONVERSION = YES;
				CLANG_WARN_OBJC_ROOT_CLASS = YES_ERROR;
				CLANG_WARN_QUOTED_INCLUDE_IN_FRAMEWORK_HEADER = YES;
				CLANG_WARN_RANGE_LOOP_ANALYSIS = YES;
				CLANG_WARN_STRICT_PROTOTYPES = YES;
				CLANG_WARN_SUSPICIOUS_MOVE = YES;
				CLANG_WARN_UNGUARDED_AVAILABILITY = YES_AGGRESSIVE;
				CLANG_WARN_UNREACHABLE_CODE = YES;
				CLANG_WARN__DUPLICATE_METHOD_MATCH = YES;
				COPY_PHASE_STRIP = NO;
				DEBUG_INFORMATION_FORMAT = "dwarf-with-dsym";
				DEVELOPMENT_TEAM = V8S6S975CD;
				ENABLE_NS_ASSERTIONS = NO;
				ENABLE_STRICT_OBJC_MSGSEND = YES;
				ENABLE_USER_SCRIPT_SANDBOXING = YES;
				GCC_C_LANGUAGE_STANDARD = gnu17;
				GCC_NO_COMMON_BLOCKS = YES;
				GCC_WARN_64_TO_32_BIT_CONVERSION = YES;
				GCC_WARN_ABOUT_RETURN_TYPE = YES_ERROR;
				GCC_WARN_UNDECLARED_SELECTOR = YES;
				GCC_WARN_UNINITIALIZED_AUTOS = YES_AGGRESSIVE;
				GCC_WARN_UNUSED_FUNCTION = YES;
				GCC_WARN_UNUSED_VARIABLE = YES;
				IPHONEOS_DEPLOYMENT_TARGET = 18.5;
				LOCALIZATION_PREFERS_STRING_CATALOGS = YES;
				MTL_ENABLE_DEBUG_INFO = NO;
				MTL_FAST_MATH = YES;
				SDKROOT = iphoneos;
				SWIFT_COMPILATION_MODE = wholemodule;
				VALIDATE_PRODUCT = YES;
			};
			name = Release;
		};
		90CBEDCE2E9BD7E000CCCC72 /* Debug */ = {
			isa = XCBuildConfiguration;
			buildSettings = {
				ASSETCATALOG_COMPILER_APPICON_NAME = AppIcon;
				ASSETCATALOG_COMPILER_GLOBAL_ACCENT_COLOR_NAME = AccentColor;
				CODE_SIGN_ENTITLEMENTS = QueueIT/QueueIT.entitlements;
				CODE_SIGN_IDENTITY = "Apple Development";
				CODE_SIGN_STYLE = Automatic;
				CURRENT_PROJECT_VERSION = 1;
				DEVELOPMENT_TEAM = V8S6S975CD;
				ENABLE_PREVIEWS = YES;
				GENERATE_INFOPLIST_FILE = YES;
				INFOPLIST_FILE = QueueIT/Info.plist;
				INFOPLIST_KEY_CFBundleDisplayName = "Queue IT";
				INFOPLIST_KEY_LSApplicationCategoryType = "public.app-category.music";
				INFOPLIST_KEY_NSAppleMusicUsageDescription = "QueueIT needs access to your Apple Music to play songs during your session.";
				INFOPLIST_KEY_UIApplicationSceneManifest_Generation = YES;
				INFOPLIST_KEY_UIApplicationSupportsIndirectInputEvents = YES;
				INFOPLIST_KEY_UILaunchScreen_Generation = YES;
				INFOPLIST_KEY_UISupportedInterfaceOrientations = "UIInterfaceOrientationLandscapeLeft UIInterfaceOrientationLandscapeRight UIInterfaceOrientationPortrait";
				INFOPLIST_KEY_UISupportedInterfaceOrientations_iPad = "UIInterfaceOrientationLandscapeLeft UIInterfaceOrientationLandscapeRight UIInterfaceOrientationPortrait UIInterfaceOrientationPortraitUpsideDown";
				IPHONEOS_DEPLOYMENT_TARGET = 17.6;
				LD_RUNPATH_SEARCH_PATHS = (
					"$(inherited)",
					"@executable_path/Frameworks",
				);
				MARKETING_VERSION = 1.0;
				PRODUCT_BUNDLE_IDENTIFIER = DF.QueueIT12;
				PRODUCT_NAME = "$(TARGET_NAME)";
				PROVISIONING_PROFILE_SPECIFIER = "";
				SWIFT_EMIT_LOC_STRINGS = YES;
				SWIFT_VERSION = 5.0;
				TARGETED_DEVICE_FAMILY = "1,2";
			};
			name = Debug;
		};
		90CBEDCF2E9BD7E000CCCC72 /* Release */ = {
			isa = XCBuildConfiguration;
			buildSettings = {
				ASSETCATALOG_COMPILER_APPICON_NAME = AppIcon;
				ASSETCATALOG_COMPILER_GLOBAL_ACCENT_COLOR_NAME = AccentColor;
				CODE_SIGN_ENTITLEMENTS = QueueIT/QueueIT.entitlements;
				CODE_SIGN_IDENTITY = "Apple Development";
				CODE_SIGN_STYLE = Automatic;
				CURRENT_PROJECT_VERSION = 1;
				DEVELOPMENT_TEAM = V8S6S975CD;
				ENABLE_PREVIEWS = YES;
				GENERATE_INFOPLIST_FILE = YES;
				INFOPLIST_FILE = QueueIT/Info.plist;
				INFOPLIST_KEY_CFBundleDisplayName = "Queue IT";
				INFOPLIST_KEY_LSApplicationCategoryType = "public.app-category.music";
				INFOPLIST_KEY_NSAppleMusicUsageDescription = "QueueIT needs access to your Apple Music to play songs during your session.";
				INFOPLIST_KEY_UIApplicationSceneManifest_Generation = YES;
				INFOPLIST_KEY_UIApplicationSupportsIndirectInputEvents = YES;
				INFOPLIST_KEY_UILaunchScreen_Generation = YES;
				INFOPLIST_KEY_UISupportedInterfaceOrientations = "UIInterfaceOrientationLandscapeLeft UIInterfaceOrientationLandscapeRight UIInterfaceOrientationPortrait";
				INFOPLIST_KEY_UISupportedInterfaceOrientations_iPad = "UIInterfaceOrientationLandscapeLeft UIInterfaceOrientationLandscapeRight UIInterfaceOrientationPortrait UIInterfaceOrientationPortraitUpsideDown";
				IPHONEOS_DEPLOYMENT_TARGET = 17.6;
				LD_RUNPATH_SEARCH_PATHS = (
					"$(inherited)",
					"@executable_path/Frameworks",
				);
				MARKETING_VERSION = 1.0;
				PRODUCT_BUNDLE_IDENTIFIER = DF.QueueIT12;
				PRODUCT_NAME = "$(TARGET_NAME)";
				PROVISIONING_PROFILE_SPECIFIER = "";
				SWIFT_EMIT_LOC_STRINGS = YES;
				SWIFT_VERSION = 5.0;
				TARGETED_DEVICE_FAMILY = "1,2";
			};
			name = Release;
		};
		90CBEDD12E9BD7E000CCCC72 /* Debug */ = {
			isa = XCBuildConfiguration;
			buildSettings = {
				BUNDLE_LOADER = "$(TEST_HOST)";
				CODE_SIGN_STYLE = Automatic;
				CURRENT_PROJECT_VERSION = 1;
				DEVELOPMENT_TEAM = V8S6S975CD;
				GENERATE_INFOPLIST_FILE = YES;
				IPHONEOS_DEPLOYMENT_TARGET = 18.5;
				MARKETING_VERSION = 1.0;
				PRODUCT_BUNDLE_IDENTIFIER = DF.QueueITTests;
				PRODUCT_NAME = "$(TARGET_NAME)";
				SWIFT_EMIT_LOC_STRINGS = NO;
				SWIFT_VERSION = 5.0;
				TARGETED_DEVICE_FAMILY = "1,2";
				TEST_HOST = "$(BUILT_PRODUCTS_DIR)/QueueIT.app/$(BUNDLE_EXECUTABLE_FOLDER_PATH)/QueueIT";
			};
			name = Debug;
		};
		90CBEDD22E9BD7E000CCCC72 /* Release */ = {
			isa = XCBuildConfiguration;
			buildSettings = {
				BUNDLE_LOADER = "$(TEST_HOST)";
				CODE_SIGN_STYLE = Automatic;
				CURRENT_PROJECT_VERSION = 1;
				DEVELOPMENT_TEAM = V8S6S975CD;
				GENERATE_INFOPLIST_FILE = YES;
				IPHONEOS_DEPLOYMENT_TARGET = 18.5;
				MARKETING_VERSION = 1.0;
				PRODUCT_BUNDLE_IDENTIFIER = DF.QueueITTests;
				PRODUCT_NAME = "$(TARGET_NAME)";
				SWIFT_EMIT_LOC_STRINGS = NO;
				SWIFT_VERSION = 5.0;
				TARGETED_DEVICE_FAMILY = "1,2";
				TEST_HOST = "$(BUILT_PRODUCTS_DIR)/QueueIT.app/$(BUNDLE_EXECUTABLE_FOLDER_PATH)/QueueIT";
			};
			name = Release;
		};
		90CBEDD42E9BD7E000CCCC72 /* Debug */ = {
			isa = XCBuildConfiguration;
			buildSettings = {
				CODE_SIGN_STYLE = Automatic;
				CURRENT_PROJECT_VERSION = 1;
				DEVELOPMENT_TEAM = V8S6S975CD;
				GENERATE_INFOPLIST_FILE = YES;
				MARKETING_VERSION = 1.0;
				PRODUCT_BUNDLE_IDENTIFIER = DF.QueueITUITests;
				PRODUCT_NAME = "$(TARGET_NAME)";
				SWIFT_EMIT_LOC_STRINGS = NO;
				SWIFT_VERSION = 5.0;
				TARGETED_DEVICE_FAMILY = "1,2";
				TEST_TARGET_NAME = QueueIT;
			};
			name = Debug;
		};
		90CBEDD52E9BD7E000CCCC72 /* Release */ = {
			isa = XCBuildConfiguration;
			buildSettings = {
				CODE_SIGN_STYLE = Automatic;
				CURRENT_PROJECT_VERSION = 1;
				DEVELOPMENT_TEAM = V8S6S975CD;
				GENERATE_INFOPLIST_FILE = YES;
				MARKETING_VERSION = 1.0;
				PRODUCT_BUNDLE_IDENTIFIER = DF.QueueITUITests;
				PRODUCT_NAME = "$(TARGET_NAME)";
				SWIFT_EMIT_LOC_STRINGS = NO;
				SWIFT_VERSION = 5.0;
				TARGETED_DEVICE_FAMILY = "1,2";
				TEST_TARGET_NAME = QueueIT;
			};
			name = Release;
		};
		90D2AFEE2F657EC900582247 /* Debug */ = {
			isa = XCBuildConfiguration;
			buildSettings = {
				ASSETCATALOG_COMPILER_APPICON_NAME = AppIcon;
				ASSETCATALOG_COMPILER_GLOBAL_ACCENT_COLOR_NAME = AccentColor;
				CODE_SIGN_ENTITLEMENTS = QueueITClip/QueueITClip.entitlements;
				CODE_SIGN_IDENTITY = "Apple Development";
				CODE_SIGN_STYLE = Automatic;
				CURRENT_PROJECT_VERSION = 1;
				DEVELOPMENT_TEAM = V8S6S975CD;
				ENABLE_PREVIEWS = YES;
				GENERATE_INFOPLIST_FILE = YES;
				INFOPLIST_FILE = QueueITClip/Info.plist;
				INFOPLIST_KEY_CFBundleDisplayName = QueueIT;
				INFOPLIST_KEY_UIApplicationSceneManifest_Generation = YES;
				INFOPLIST_KEY_UIApplicationSupportsIndirectInputEvents = YES;
				INFOPLIST_KEY_UILaunchScreen_Generation = YES;
				INFOPLIST_KEY_UISupportedInterfaceOrientations_iPad = "UIInterfaceOrientationPortrait UIInterfaceOrientationPortraitUpsideDown UIInterfaceOrientationLandscapeLeft UIInterfaceOrientationLandscapeRight";
				INFOPLIST_KEY_UISupportedInterfaceOrientations_iPhone = "UIInterfaceOrientationPortrait UIInterfaceOrientationLandscapeLeft UIInterfaceOrientationLandscapeRight";
				IPHONEOS_DEPLOYMENT_TARGET = 26.2;
				LD_RUNPATH_SEARCH_PATHS = (
					"$(inherited)",
					"@executable_path/Frameworks",
				);
				MARKETING_VERSION = 1.0;
				PRODUCT_BUNDLE_IDENTIFIER = DF.QueueIT12.Clip;
				PRODUCT_NAME = "$(TARGET_NAME)";
				STRING_CATALOG_GENERATE_SYMBOLS = YES;
				SWIFT_ACTIVE_COMPILATION_CONDITIONS = "APPCLIP $(inherited)";
				SWIFT_APPROACHABLE_CONCURRENCY = YES;
				SWIFT_DEFAULT_ACTOR_ISOLATION = MainActor;
				SWIFT_EMIT_LOC_STRINGS = YES;
				SWIFT_UPCOMING_FEATURE_MEMBER_IMPORT_VISIBILITY = YES;
				SWIFT_VERSION = 5.0;
				TARGETED_DEVICE_FAMILY = "1,2";
			};
			name = Debug;
		};
		90D2AFEF2F657EC900582247 /* Release */ = {
			isa = XCBuildConfiguration;
			buildSettings = {
				ASSETCATALOG_COMPILER_APPICON_NAME = AppIcon;
				ASSETCATALOG_COMPILER_GLOBAL_ACCENT_COLOR_NAME = AccentColor;
				CODE_SIGN_ENTITLEMENTS = QueueITClip/QueueITClip.entitlements;
				CODE_SIGN_IDENTITY = "Apple Development";
				CODE_SIGN_STYLE = Automatic;
				CURRENT_PROJECT_VERSION = 1;
				DEVELOPMENT_TEAM = V8S6S975CD;
				ENABLE_PREVIEWS = YES;
				GENERATE_INFOPLIST_FILE = YES;
				INFOPLIST_FILE = QueueITClip/Info.plist;
				INFOPLIST_KEY_CFBundleDisplayName = QueueIT;
				INFOPLIST_KEY_UIApplicationSceneManifest_Generation = YES;
				INFOPLIST_KEY_UIApplicationSupportsIndirectInputEvents = YES;
				INFOPLIST_KEY_UILaunchScreen_Generation = YES;
				INFOPLIST_KEY_UISupportedInterfaceOrientations_iPad = "UIInterfaceOrientationPortrait UIInterfaceOrientationPortraitUpsideDown UIInterfaceOrientationLandscapeLeft UIInterfaceOrientationLandscapeRight";
				INFOPLIST_KEY_UISupportedInterfaceOrientations_iPhone = "UIInterfaceOrientationPortrait UIInterfaceOrientationLandscapeLeft UIInterfaceOrientationLandscapeRight";
				IPHONEOS_DEPLOYMENT_TARGET = 26.2;
				LD_RUNPATH_SEARCH_PATHS = (
					"$(inherited)",
					"@executable_path/Frameworks",
				);
				MARKETING_VERSION = 1.0;
				PRODUCT_BUNDLE_IDENTIFIER = DF.QueueIT12.Clip;
				PRODUCT_NAME = "$(TARGET_NAME)";
				STRING_CATALOG_GENERATE_SYMBOLS = YES;
				SWIFT_ACTIVE_COMPILATION_CONDITIONS = "APPCLIP $(inherited)";
				SWIFT_APPROACHABLE_CONCURRENCY = YES;
				SWIFT_DEFAULT_ACTOR_ISOLATION = MainActor;
				SWIFT_EMIT_LOC_STRINGS = YES;
				SWIFT_UPCOMING_FEATURE_MEMBER_IMPORT_VISIBILITY = YES;
				SWIFT_VERSION = 5.0;
				TARGETED_DEVICE_FAMILY = "1,2";
			};
			name = Release;
		};
		90D2AFF32F657EC900582247 /* Debug */ = {
			isa = XCBuildConfiguration;
			buildSettings = {
				BUNDLE_LOADER = "$(TEST_HOST)";
				CODE_SIGN_STYLE = Automatic;
				CURRENT_PROJECT_VERSION = 1;
				DEVELOPMENT_TEAM = V8S6S975CD;
				GENERATE_INFOPLIST_FILE = YES;
				IPHONEOS_DEPLOYMENT_TARGET = 26.2;
				MARKETING_VERSION = 1.0;
				PRODUCT_BUNDLE_IDENTIFIER = DF.QueueIT12.QueueITClipTests;
				PRODUCT_NAME = "$(TARGET_NAME)";
				STRING_CATALOG_GENERATE_SYMBOLS = NO;
				SWIFT_APPROACHABLE_CONCURRENCY = YES;
				SWIFT_EMIT_LOC_STRINGS = NO;
				SWIFT_UPCOMING_FEATURE_MEMBER_IMPORT_VISIBILITY = YES;
				SWIFT_VERSION = 5.0;
				TARGETED_DEVICE_FAMILY = "1,2";
				TEST_HOST = "$(BUILT_PRODUCTS_DIR)/QueueITClip.app/$(BUNDLE_EXECUTABLE_FOLDER_PATH)/QueueITClip";
			};
			name = Debug;
		};
		90D2AFF42F657EC900582247 /* Release */ = {
			isa = XCBuildConfiguration;
			buildSettings = {
				BUNDLE_LOADER = "$(TEST_HOST)";
				CODE_SIGN_STYLE = Automatic;
				CURRENT_PROJECT_VERSION = 1;
				DEVELOPMENT_TEAM = V8S6S975CD;
				GENERATE_INFOPLIST_FILE = YES;
				IPHONEOS_DEPLOYMENT_TARGET = 26.2;
				MARKETING_VERSION = 1.0;
				PRODUCT_BUNDLE_IDENTIFIER = DF.QueueIT12.QueueITClipTests;
				PRODUCT_NAME = "$(TARGET_NAME)";
				STRING_CATALOG_GENERATE_SYMBOLS = NO;
				SWIFT_APPROACHABLE_CONCURRENCY = YES;
				SWIFT_EMIT_LOC_STRINGS = NO;
				SWIFT_UPCOMING_FEATURE_MEMBER_IMPORT_VISIBILITY = YES;
				SWIFT_VERSION = 5.0;
				TARGETED_DEVICE_FAMILY = "1,2";
				TEST_HOST = "$(BUILT_PRODUCTS_DIR)/QueueITClip.app/$(BUNDLE_EXECUTABLE_FOLDER_PATH)/QueueITClip";
			};
			name = Release;
		};
		90D2AFF62F657EC900582247 /* Debug */ = {
			isa = XCBuildConfiguration;
			buildSettings = {
				CODE_SIGN_STYLE = Automatic;
				CURRENT_PROJECT_VERSION = 1;
				DEVELOPMENT_TEAM = V8S6S975CD;
				GENERATE_INFOPLIST_FILE = YES;
				IPHONEOS_DEPLOYMENT_TARGET = 26.2;
				MARKETING_VERSION = 1.0;
				PRODUCT_BUNDLE_IDENTIFIER = DF.QueueIT12.QueueITClipUITests;
				PRODUCT_NAME = "$(TARGET_NAME)";
				STRING_CATALOG_GENERATE_SYMBOLS = NO;
				SWIFT_APPROACHABLE_CONCURRENCY = YES;
				SWIFT_EMIT_LOC_STRINGS = NO;
				SWIFT_UPCOMING_FEATURE_MEMBER_IMPORT_VISIBILITY = YES;
				SWIFT_VERSION = 5.0;
				TARGETED_DEVICE_FAMILY = "1,2";
				TEST_TARGET_NAME = QueueITClip;
			};
			name = Debug;
		};
		90D2AFF72F657EC900582247 /* Release */ = {
			isa = XCBuildConfiguration;
			buildSettings = {
				CODE_SIGN_STYLE = Automatic;
				CURRENT_PROJECT_VERSION = 1;
				DEVELOPMENT_TEAM = V8S6S975CD;
				GENERATE_INFOPLIST_FILE = YES;
				IPHONEOS_DEPLOYMENT_TARGET = 26.2;
				MARKETING_VERSION = 1.0;
				PRODUCT_BUNDLE_IDENTIFIER = DF.QueueIT12.QueueITClipUITests;
				PRODUCT_NAME = "$(TARGET_NAME)";
				STRING_CATALOG_GENERATE_SYMBOLS = NO;
				SWIFT_APPROACHABLE_CONCURRENCY = YES;
				SWIFT_EMIT_LOC_STRINGS = NO;
				SWIFT_UPCOMING_FEATURE_MEMBER_IMPORT_VISIBILITY = YES;
				SWIFT_VERSION = 5.0;
				TARGETED_DEVICE_FAMILY = "1,2";
				TEST_TARGET_NAME = QueueITClip;
			};
			name = Release;
		};
/* End XCBuildConfiguration section */

/* Begin XCConfigurationList section */
		90CBEDA52E9BD7DE00CCCC72 /* Build configuration list for PBXProject "QueueIT" */ = {
			isa = XCConfigurationList;
			buildConfigurations = (
				90CBEDCB2E9BD7E000CCCC72 /* Debug */,
				90CBEDCC2E9BD7E000CCCC72 /* Release */,
			);
			defaultConfigurationIsVisible = 0;
			defaultConfigurationName = Debug;
		};
		90CBEDCD2E9BD7E000CCCC72 /* Build configuration list for PBXNativeTarget "QueueIT" */ = {
			isa = XCConfigurationList;
			buildConfigurations = (
				90CBEDCE2E9BD7E000CCCC72 /* Debug */,
				90CBEDCF2E9BD7E000CCCC72 /* Release */,
			);
			defaultConfigurationIsVisible = 0;
			defaultConfigurationName = Debug;
		};
		90CBEDD02E9BD7E000CCCC72 /* Build configuration list for PBXNativeTarget "QueueITTests" */ = {
			isa = XCConfigurationList;
			buildConfigurations = (
				90CBEDD12E9BD7E000CCCC72 /* Debug */,
				90CBEDD22E9BD7E000CCCC72 /* Release */,
			);
			defaultConfigurationIsVisible = 0;
			defaultConfigurationName = Debug;
		};
		90CBEDD32E9BD7E000CCCC72 /* Build configuration list for PBXNativeTarget "QueueITUITests" */ = {
			isa = XCConfigurationList;
			buildConfigurations = (
				90CBEDD42E9BD7E000CCCC72 /* Debug */,
				90CBEDD52E9BD7E000CCCC72 /* Release */,
			);
			defaultConfigurationIsVisible = 0;
			defaultConfigurationName = Debug;
		};
		90D2AFED2F657EC900582247 /* Build configuration list for PBXNativeTarget "QueueITClip" */ = {
			isa = XCConfigurationList;
			buildConfigurations = (
				90D2AFEE2F657EC900582247 /* Debug */,
				90D2AFEF2F657EC900582247 /* Release */,
			);
			defaultConfigurationIsVisible = 0;
			defaultConfigurationName = Debug;
		};
		90D2AFF22F657EC900582247 /* Build configuration list for PBXNativeTarget "QueueITClipTests" */ = {
			isa = XCConfigurationList;
			buildConfigurations = (
				90D2AFF32F657EC900582247 /* Debug */,
				90D2AFF42F657EC900582247 /* Release */,
			);
			defaultConfigurationIsVisible = 0;
			defaultConfigurationName = Debug;
		};
		90D2AFF52F657EC900582247 /* Build configuration list for PBXNativeTarget "QueueITClipUITests" */ = {
			isa = XCConfigurationList;
			buildConfigurations = (
				90D2AFF62F657EC900582247 /* Debug */,
				90D2AFF72F657EC900582247 /* Release */,
			);
			defaultConfigurationIsVisible = 0;
			defaultConfigurationName = Debug;
		};
/* End XCConfigurationList section */

/* Begin XCRemoteSwiftPackageReference section */
		90923F932ED1CE3C00BE8A55 /* XCRemoteSwiftPackageReference "supabase-swift" */ = {
			isa = XCRemoteSwiftPackageReference;
			repositoryURL = "https://github.com/supabase-community/supabase-swift.git";
			requirement = {
				kind = upToNextMajorVersion;
				minimumVersion = 2.5.1;
			};
		};
/* End XCRemoteSwiftPackageReference section */

/* Begin XCSwiftPackageProductDependency section */
		90923F942ED1CE3D00BE8A55 /* Supabase */ = {
			isa = XCSwiftPackageProductDependency;
			package = 90923F932ED1CE3C00BE8A55 /* XCRemoteSwiftPackageReference "supabase-swift" */;
			productName = Supabase;
		};
/* End XCSwiftPackageProductDependency section */
	};
	rootObject = 90CBEDA22E9BD7DE00CCCC72 /* Project object */;
}
